<?xml version="1.0" encoding="utf-8"?>
<Project ToolsVersion="4.0" xmlns="http://schemas.microsoft.com/developer/msbuild/2003">
  <ItemGroup>
    <Filter Include="Header files">
      <UniqueIdentifier>{ad23ccc9-1fb2-4653-ae99-8b32b983b615}</UniqueIdentifier>
    </Filter>
    <Filter Include="Source files">
      <UniqueIdentifier>{26fad08a-ded9-4c82-ae0a-36e1578fb296}</UniqueIdentifier>
    </Filter>
  </ItemGroup>
  <ItemGroup>
    <ClInclude Include="CInterfaceDLL.h">
      <Filter>Header files</Filter>
    </ClInclude>
  </ItemGroup>
  <ItemGroup>
    <ClCompile Include="CInterfaceDLL.cpp">
      <Filter>Source files</Filter>
    </ClCompile>
  </ItemGroup>
</Project>