<?xml version="1.0" encoding="utf-8"?>
<Project ToolsVersion="4.0" xmlns="http://schemas.microsoft.com/developer/msbuild/2003">
  <ItemGroup>
    <Filter Include="Source Files">
      <UniqueIdentifier>{4FC737F1-C7A5-4376-A066-2A32D752A2FF}</UniqueIdentifier>
      <Extensions>cpp;c;cc;cxx;def;odl;idl;hpj;bat;asm;asmx</Extensions>
    </Filter>
    <Filter Include="Header Files">
      <UniqueIdentifier>{93995380-89BD-4b04-88EB-625FBE52EBFB}</UniqueIdentifier>
      <Extensions>h;hh;hpp;hxx;hm;inl;inc;xsd</Extensions>
    </Filter>
    <Filter Include="Resource Files">
      <UniqueIdentifier>{67DA6AB6-F800-4c08-8B7A-83BB121AAD01}</UniqueIdentifier>
      <Extensions>rc;ico;cur;bmp;dlg;rc2;rct;bin;rgs;gif;jpg;jpeg;jpe;resx;tiff;tif;png;wav;mfcribbon-ms</Extensions>
    </Filter>
  </ItemGroup>
  <ItemGroup>
    <ClInclude Include="Stdafx.h">
      <Filter>Header Files</Filter>
    </ClInclude>
    <ClInclude Include="resource.h">
      <Filter>Header Files</Filter>
    </ClInclude>
    <ClInclude Include="SimObjectWrapper.h">
      <Filter>Header Files</Filter>
    </ClInclude>
    <ClInclude Include="ActionMapWrapper.h">
      <Filter>Header Files</Filter>
    </ClInclude>
    <ClInclude Include="MarshalHelper.h">
      <Filter>Header Files</Filter>
    </ClInclude>
    <ClInclude Include="AssetWrappers.h">
      <Filter>Header Files</Filter>
    </ClInclude>
    <ClInclude Include="AssetManagerWrapper.h">
      <Filter>Header Files</Filter>
    </ClInclude>
    <ClInclude Include="ModuleWrappers.h">
      <Filter>Header Files</Filter>
    </ClInclude>
    <ClInclude Include="BehaviourWrappers.h">
      <Filter>Header Files</Filter>
    </ClInclude>
    <ClInclude Include="ConsoleWrappers.h">
      <Filter>Header Files</Filter>
    </ClInclude>
    <ClInclude Include="GraphicsWrappers.h">
      <Filter>Header Files</Filter>
    </ClInclude>
    <ClInclude Include="EventManagerWrapper.h">
      <Filter>Header Files</Filter>
    </ClInclude>
    <ClInclude Include="FileWrappers.h">
      <Filter>Header Files</Filter>
    </ClInclude>
    <ClInclude Include="GuiWrappers.h">
      <Filter>Header Files</Filter>
    </ClInclude>
    <ClInclude Include="InputDeviceWrappers.h">
      <Filter>Header Files</Filter>
    </ClInclude>
    <ClInclude Include="LanguageWrappers.h">
      <Filter>Header Files</Filter>
    </ClInclude>
    <ClInclude Include="MessageWrappers.h">
      <Filter>Header Files</Filter>
    </ClInclude>
    <ClInclude Include="NetworkWrappers.h">
      <Filter>Header Files</Filter>
    </ClInclude>
    <ClInclude Include="SceneWrappers.h">
      <Filter>Header Files</Filter>
    </ClInclude>
    <ClInclude Include="DebuggerWrapper.h">
      <Filter>Header Files</Filter>
    </ClInclude>
    <ClInclude Include="DatablockWrapper.h">
      <Filter>Header Files</Filter>
    </ClInclude>
    <ClInclude Include="PersistenceWrapper.h">
      <Filter>Header Files</Filter>
    </ClInclude>
    <ClInclude Include="StreamWrappers.h">
      <Filter>Header Files</Filter>
    </ClInclude>
    <ClInclude Include="UndoWrappers.h">
      <Filter>Header Files</Filter>
    </ClInclude>
    <ClInclude Include="CollectionsWrapper.h">
      <Filter>Header Files</Filter>
    </ClInclude>
  </ItemGroup>
  <ItemGroup>
    <ClCompile Include="AssemblyInfo.cpp">
      <Filter>Source Files</Filter>
    </ClCompile>
    <ClCompile Include="Stdafx.cpp">
      <Filter>Source Files</Filter>
    </ClCompile>
    <ClCompile Include="SimObjectWrapper.cpp">
      <Filter>Source Files</Filter>
    </ClCompile>
    <ClCompile Include="ActionMapWrapper.cpp">
      <Filter>Source Files</Filter>
    </ClCompile>
    <ClCompile Include="MarshalHelper.cpp">
      <Filter>Source Files</Filter>
    </ClCompile>
    <ClCompile Include="AssetWrappers.cpp">
      <Filter>Source Files</Filter>
    </ClCompile>
    <ClCompile Include="AssetManagerWrapper.cpp">
      <Filter>Source Files</Filter>
    </ClCompile>
    <ClCompile Include="ModuleWrappers.cpp">
      <Filter>Source Files</Filter>
    </ClCompile>
    <ClCompile Include="BehaviourWrappers.cpp">
      <Filter>Source Files</Filter>
    </ClCompile>
    <ClCompile Include="ConsoleWrappers.cpp">
      <Filter>Source Files</Filter>
    </ClCompile>
    <ClCompile Include="GraphicsWrappers.cpp">
      <Filter>Source Files</Filter>
    </ClCompile>
    <ClCompile Include="EventManagerWrapper.cpp">
      <Filter>Source Files</Filter>
    </ClCompile>
    <ClCompile Include="FileWrappers.cpp">
      <Filter>Source Files</Filter>
    </ClCompile>
    <ClCompile Include="GuiWrappers.cpp">
      <Filter>Source Files</Filter>
    </ClCompile>
    <ClCompile Include="InputDeviceWrappers.cpp">
      <Filter>Source Files</Filter>
    </ClCompile>
    <ClCompile Include="LanguageWrappers.cpp">
      <Filter>Source Files</Filter>
    </ClCompile>
    <ClCompile Include="MessageWrappers.cpp">
      <Filter>Source Files</Filter>
    </ClCompile>
    <ClCompile Include="NetworkWrappers.cpp">
      <Filter>Source Files</Filter>
    </ClCompile>
    <ClCompile Include="SceneWrappers.cpp">
      <Filter>Source Files</Filter>
    </ClCompile>
    <ClCompile Include="DebuggerWrapper.cpp">
      <Filter>Source Files</Filter>
    </ClCompile>
    <ClCompile Include="PersistenceWrapper.cpp">
      <Filter>Source Files</Filter>
    </ClCompile>
    <ClCompile Include="StreamWrappers.cpp">
      <Filter>Source Files</Filter>
    </ClCompile>
    <ClCompile Include="UndoWrappers.cpp">
      <Filter>Source Files</Filter>
    </ClCompile>
    <ClCompile Include="CollectionsWrapper.cpp">
      <Filter>Source Files</Filter>
    </ClCompile>
  </ItemGroup>
  <ItemGroup>
    <Text Include="ReadMe.txt" />
  </ItemGroup>
  <ItemGroup>
    <ResourceCompile Include="app.rc">
      <Filter>Resource Files</Filter>
    </ResourceCompile>
  </ItemGroup>
  <ItemGroup>
    <Image Include="app.ico">
      <Filter>Resource Files</Filter>
    </Image>
  </ItemGroup>
</Project>